{
  "name": "boomedic",
  "version": "1.0.0",
  "lockfileVersion": 1,
  "requires": true,
  "dependencies": {
    "eventemitter3": {
      "version": "2.0.3",
      "resolved": "https://registry.npmjs.org/eventemitter3/-/eventemitter3-2.0.3.tgz",
      "integrity": "sha1-teEHm1n7XhuidxwKmTvgYKWMmbo="
    },
    "textarea-caret": {
      "version": "3.1.0",
      "resolved": "https://registry.npmjs.org/textarea-caret/-/textarea-caret-3.1.0.tgz",
      "integrity": "sha512-cXAvzO9pP5CGa6NKx0WYHl+8CHKZs8byMkt3PCJBCmq2a34YA9pO1NrQET5pzeqnBjBdToF5No4rrmkDUgQC2Q=="
    },
    "textcomplete": {
      "version": "0.17.1",
      "resolved": "https://registry.npmjs.org/textcomplete/-/textcomplete-0.17.1.tgz",
      "integrity": "sha512-vxHXk8h/pPh5GW5L872H7Ui/uxhoLn5fh9FNYrOW9sNpRVuLs53QiTTLDwfEjK6lOuUb7AA26DsRPhwBl1QFiA==",
      "requires": {
        "eventemitter3": "2.0.3",
        "textarea-caret": "3.1.0",
        "undate": "0.2.4"
      }
    },
    "undate": {
      "version": "0.2.4",
      "resolved": "https://registry.npmjs.org/undate/-/undate-0.2.4.tgz",
      "integrity": "sha512-k1WTRVhI076HYqP6e3pZPzS7K2xNAcuhCcWOPjHmR8SwU3byyKYvyNZ4XTEAd7Ofe40+wrEjNq6WmmO8WoUVNg=="
    }
  }
}
